
Microsoft Visual Studio Solution File, Format Version 12.00
# Visual Studio 2013
VisualStudioVersion = 12.0.21005.1
MinimumVisualStudioVersion = 10.0.40219.1
Project("{FAE04EC0-301F-11D3-BF4B-00C04F79EFBC}") = "LoginService", "LoginService\LoginService.csproj", "{3D7814B3-0B70-445D-8947-B6B2E60DEFC7}"
	ProjectSection(ProjectDependencies) = postProject
		{F6572D50-5B96-46AF-91EF-EDF70F4EC41C} = {F6572D50-5B96-46AF-91EF-EDF70F4EC41C}
	EndProjectSection
EndProject
Project("{FAE04EC0-301F-11D3-BF4B-00C04F79EFBC}") = "WCFService", "WCFService\WCFService.csproj", "{F6572D50-5B96-46AF-91EF-EDF70F4EC41C}"
EndProject
Global
	GlobalSection(SolutionConfigurationPlatforms) = preSolution
		Debug|Any CPU = Debug|Any CPU
		Release|Any CPU = Release|Any CPU
	EndGlobalSection
	GlobalSection(ProjectConfigurationPlatforms) = postSolution
		{3D7814B3-0B70-445D-8947-B6B2E60DEFC7}.Debug|Any CPU.ActiveCfg = Debug|Any CPU
		{3D7814B3-0B70-445D-8947-B6B2E60DEFC7}.Debug|Any CPU.Build.0 = Debug|Any CPU
		{3D7814B3-0B70-445D-8947-B6B2E60DEFC7}.Release|Any CPU.ActiveCfg = Release|Any CPU
		{3D7814B3-0B70-445D-8947-B6B2E60DEFC7}.Release|Any CPU.Build.0 = Release|Any CPU
		{F6572D50-5B96-46AF-91EF-EDF70F4EC41C}.Debug|Any CPU.ActiveCfg = Debug|Any CPU
		{F6572D50-5B96-46AF-91EF-EDF70F4EC41C}.Debug|Any CPU.Build.0 = Debug|Any CPU
		{F6572D50-5B96-46AF-91EF-EDF70F4EC41C}.Release|Any CPU.ActiveCfg = Release|Any CPU
		{F6572D50-5B96-46AF-91EF-EDF70F4EC41C}.Release|Any CPU.Build.0 = Release|Any CPU
	EndGlobalSection
	GlobalSection(SolutionProperties) = preSolution
		HideSolutionNode = FALSE
	EndGlobalSection
EndGlobal
